// !$*UTF8*$!
{
	archiveVersion = 1;
	classes = {
	};
	objectVersion = 56;
	objects = {

/* Begin PBXBuildFile section */
		EF8DA3CF2B0440D4009ADCB2 /* SwiftUICaseApp.swift in Sources */ = {isa = PBXBuildFile; fileRef = EF8DA3CE2B0440D4009ADCB2 /* SwiftUICaseApp.swift */; };
		EF8DA3D12B0440D4009ADCB2 /* ContentView.swift in Sources */ = {isa = PBXBuildFile; fileRef = EF8DA3D02B0440D4009ADCB2 /* ContentView.swift */; };
		EF8DA3D32B0440D6009ADCB2 /* Assets.xcassets in Resources */ = {isa = PBXBuildFile; fileRef = EF8DA3D22B0440D6009ADCB2 /* Assets.xcassets */; };
		EF8DA3D62B0440D6009ADCB2 /* Preview Assets.xcassets in Resources */ = {isa = PBXBuildFile; fileRef = EF8DA3D52B0440D6009ADCB2 /* Preview Assets.xcassets */; };
		EF8DA3E02B0440D6009ADCB2 /* SwiftUICaseTests.swift in Sources */ = {isa = PBXBuildFile; fileRef = EF8DA3DF2B0440D6009ADCB2 /* SwiftUICaseTests.swift */; };
		EF8DA3EA2B0440D6009ADCB2 /* SwiftUICaseUITests.swift in Sources */ = {isa = PBXBuildFile; fileRef = EF8DA3E92B0440D6009ADCB2 /* SwiftUICaseUITests.swift */; };
		EF8DA3EC2B0440D6009ADCB2 /* SwiftUICaseUITestsLaunchTests.swift in Sources */ = {isa = PBXBuildFile; fileRef = EF8DA3EB2B0440D6009ADCB2 /* SwiftUICaseUITestsLaunchTests.swift */; };
		EF8DA3FB2B0440E9009ADCB2 /* PinnedViews.swift in Sources */ = {isa = PBXBuildFile; fileRef = EF8DA3FA2B0440E9009ADCB2 /* PinnedViews.swift */; };
/* End PBXBuildFile section */

/* Begin PBXContainerItemProxy section */
		EF8DA3DC2B0440D6009ADCB2 /* PBXContainerItemProxy */ = {
			isa = PBXContainerItemProxy;
			containerPortal = EF8DA3C32B0440D4009ADCB2 /* Project object */;
			proxyType = 1;
			remoteGlobalIDString = EF8DA3CA2B0440D4009ADCB2;
			remoteInfo = SwiftUICase;
		};
		EF8DA3E62B0440D6009ADCB2 /* PBXContainerItemProxy */ = {
			isa = PBXContainerItemProxy;
			containerPortal = EF8DA3C32B0440D4009ADCB2 /* Project object */;
			proxyType = 1;
			remoteGlobalIDString = EF8DA3CA2B0440D4009ADCB2;
			remoteInfo = SwiftUICase;
		};
/* End PBXContainerItemProxy section */

/* Begin PBXFileReference section */
		EF8DA3CB2B0440D4009ADCB2 /* SwiftUICase.app */ = {isa = PBXFileReference; explicitFileType = wrapper.application; includeInIndex = 0; path = SwiftUICase.app; sourceTree = BUILT_PRODUCTS_DIR; };
		EF8DA3CE2B0440D4009ADCB2 /* SwiftUICaseApp.swift */ = {isa = PBXFileReference; lastKnownFileType = sourcecode.swift; path = SwiftUICaseApp.swift; sourceTree = "<group>"; };
		EF8DA3D02B0440D4009ADCB2 /* ContentView.swift */ = {isa = PBXFileReference; lastKnownFileType = sourcecode.swift; path = ContentView.swift; sourceTree = "<group>"; };
		EF8DA3D22B0440D6009ADCB2 /* Assets.xcassets */ = {isa = PBXFileReference; lastKnownFileType = folder.assetcatalog; path = Assets.xcassets; sourceTree = "<group>"; };
		EF8DA3D52B0440D6009ADCB2 /* Preview Assets.xcassets */ = {isa = PBXFileReference; lastKnownFileType = folder.assetcatalog; path = "Preview Assets.xcassets"; sourceTree = "<group>"; };
		EF8DA3DB2B0440D6009ADCB2 /* SwiftUICaseTests.xctest */ = {isa = PBXFileReference; explicitFileType = wrapper.cfbundle; includeInIndex = 0; path = SwiftUICaseTests.xctest; sourceTree = BUILT_PRODUCTS_DIR; };
		EF8DA3DF2B0440D6009ADCB2 /* SwiftUICaseTests.swift */ = {isa = PBXFileReference; lastKnownFileType = sourcecode.swift; path = SwiftUICaseTests.swift; sourceTree = "<group>"; };
		EF8DA3E52B0440D6009ADCB2 /* SwiftUICaseUITests.xctest */ = {isa = PBXFileReference; explicitFileType = wrapper.cfbundle; includeInIndex = 0; path = SwiftUICaseUITests.xctest; sourceTree = BUILT_PRODUCTS_DIR; };
		EF8DA3E92B0440D6009ADCB2 /* SwiftUICaseUITests.swift */ = {isa = PBXFileReference; lastKnownFileType = sourcecode.swift; path = SwiftUICaseUITests.swift; sourceTree = "<group>"; };
		EF8DA3EB2B0440D6009ADCB2 /* SwiftUICaseUITestsLaunchTests.swift */ = {isa = PBXFileReference; lastKnownFileType = sourcecode.swift; path = SwiftUICaseUITestsLaunchTests.swift; sourceTree = "<group>"; };
		EF8DA3FA2B0440E9009ADCB2 /* PinnedViews.swift */ = {isa = PBXFileReference; lastKnownFileType = sourcecode.swift; path = PinnedViews.swift; sourceTree = "<group>"; };
/* End PBXFileReference section */

/* Begin PBXFrameworksBuildPhase section */
		EF8DA3C82B0440D4009ADCB2 /* Frameworks */ = {
			isa = PBXFrameworksBuildPhase;
			buildActionMask = 2147483647;
			files = (
			);
			runOnlyForDeploymentPostprocessing = 0;
		};
		EF8DA3D82B0440D6009ADCB2 /* Frameworks */ = {
			isa = PBXFrameworksBuildPhase;
			buildActionMask = 2147483647;
			files = (
			);
			runOnlyForDeploymentPostprocessing = 0;
		};
		EF8DA3E22B0440D6009ADCB2 /* Frameworks */ = {
			isa = PBXFrameworksBuildPhase;
			buildActionMask = 2147483647;
			files = (
			);
			runOnlyForDeploymentPostprocessing = 0;
		};
/* End PBXFrameworksBuildPhase section */

/* Begin PBXGroup section */
		EF8DA3C22B0440D4009ADCB2 = {
			isa = PBXGroup;
			children = (
				EF8DA3CD2B0440D4009ADCB2 /* SwiftUICase */,
				EF8DA3DE2B0440D6009ADCB2 /* SwiftUICaseTests */,
				EF8DA3E82B0440D6009ADCB2 /* SwiftUICaseUITests */,
				EF8DA3CC2B0440D4009ADCB2 /* Products */,
			);
			sourceTree = "<group>";
		};
		EF8DA3CC2B0440D4009ADCB2 /* Products */ = {
			isa = PBXGroup;
			children = (
				EF8DA3CB2B0440D4009ADCB2 /* SwiftUICase.app */,
				EF8DA3DB2B0440D6009ADCB2 /* SwiftUICaseTests.xctest */,
				EF8DA3E52B0440D6009ADCB2 /* SwiftUICaseUITests.xctest */,
			);
			name = Products;
			sourceTree = "<group>";
		};
		EF8DA3CD2B0440D4009ADCB2 /* SwiftUICase */ = {
			isa = PBXGroup;
			children = (
				EF8DA3F82B0440DB009ADCB2 /* PinnedViews */,
				EF8DA3CE2B0440D4009ADCB2 /* SwiftUICaseApp.swift */,
				EF8DA3D02B0440D4009ADCB2 /* ContentView.swift */,
				EF8DA3D22B0440D6009ADCB2 /* Assets.xcassets */,
				EF8DA3D42B0440D6009ADCB2 /* Preview Content */,
			);
			path = SwiftUICase;
			sourceTree = "<group>";
		};
		EF8DA3D42B0440D6009ADCB2 /* Preview Content */ = {
			isa = PBXGroup;
			children = (
				EF8DA3D52B0440D6009ADCB2 /* Preview Assets.xcassets */,
			);
			path = "Preview Content";
			sourceTree = "<group>";
		};
		EF8DA3DE2B0440D6009ADCB2 /* SwiftUICaseTests */ = {
			isa = PBXGroup;
			children = (
				EF8DA3DF2B0440D6009ADCB2 /* SwiftUICaseTests.swift */,
			);
			path = SwiftUICaseTests;
			sourceTree = "<group>";
		};
		EF8DA3E82B0440D6009ADCB2 /* SwiftUICaseUITests */ = {
			isa = PBXGroup;
			children = (
				EF8DA3E92B0440D6009ADCB2 /* SwiftUICaseUITests.swift */,
				EF8DA3EB2B0440D6009ADCB2 /* SwiftUICaseUITestsLaunchTests.swift */,
			);
			path = SwiftUICaseUITests;
			sourceTree = "<group>";
		};
		EF8DA3F82B0440DB009ADCB2 /* PinnedViews */ = {
			isa = PBXGroup;
			children = (
				EF8DA3FA2B0440E9009ADCB2 /* PinnedViews.swift */,
			);
			path = PinnedViews;
			sourceTree = "<group>";
		};
/* End PBXGroup section */

/* Begin PBXNativeTarget section */
		EF8DA3CA2B0440D4009ADCB2 /* SwiftUICase */ = {
			isa = PBXNativeTarget;
			buildConfigurationList = EF8DA3EF2B0440D6009ADCB2 /* Build configuration list for PBXNativeTarget "SwiftUICase" */;
			buildPhases = (
				EF8DA3C72B0440D4009ADCB2 /* Sources */,
				EF8DA3C82B0440D4009ADCB2 /* Frameworks */,
				EF8DA3C92B0440D4009ADCB2 /* Resources */,
			);
			buildRules = (
			);
			dependencies = (
			);
			name = SwiftUICase;
			productName = SwiftUICase;
			productReference = EF8DA3CB2B0440D4009ADCB2 /* SwiftUICase.app */;
			productType = "com.apple.product-type.application";
		};
		EF8DA3DA2B0440D6009ADCB2 /* SwiftUICaseTests */ = {
			isa = PBXNativeTarget;
			buildConfigurationList = EF8DA3F22B0440D6009ADCB2 /* Build configuration list for PBXNativeTarget "SwiftUICaseTests" */;
			buildPhases = (
				EF8DA3D72B0440D6009ADCB2 /* Sources */,
				EF8DA3D82B0440D6009ADCB2 /* Frameworks */,
				EF8DA3D92B0440D6009ADCB2 /* Resources */,
			);
			buildRules = (
			);
			dependencies = (
				EF8DA3DD2B0440D6009ADCB2 /* PBXTargetDependency */,
			);
			name = SwiftUICaseTests;
			productName = SwiftUICaseTests;
			productReference = EF8DA3DB2B0440D6009ADCB2 /* SwiftUICaseTests.xctest */;
			productType = "com.apple.product-type.bundle.unit-test";
		};
		EF8DA3E42B0440D6009ADCB2 /* SwiftUICaseUITests */ = {
			isa = PBXNativeTarget;
			buildConfigurationList = EF8DA3F52B0440D6009ADCB2 /* Build configuration list for PBXNativeTarget "SwiftUICaseUITests" */;
			buildPhases = (
				EF8DA3E12B0440D6009ADCB2 /* Sources */,
				EF8DA3E22B0440D6009ADCB2 /* Frameworks */,
				EF8DA3E32B0440D6009ADCB2 /* Resources */,
			);
			buildRules = (
			);
			dependencies = (
				EF8DA3E72B0440D6009ADCB2 /* PBXTargetDependency */,
			);
			name = SwiftUICaseUITests;
			productName = SwiftUICaseUITests;
			productReference = EF8DA3E52B0440D6009ADCB2 /* SwiftUICaseUITests.xctest */;
			productType = "com.apple.product-type.bundle.ui-testing";
		};
/* End PBXNativeTarget section */

/* Begin PBXProject section */
		EF8DA3C32B0440D4009ADCB2 /* Project object */ = {
			isa = PBXProject;
			attributes = {
				BuildIndependentTargetsInParallel = 1;
				LastSwiftUpdateCheck = 1430;
				LastUpgradeCheck = 1430;
				TargetAttributes = {
					EF8DA3CA2B0440D4009ADCB2 = {
						CreatedOnToolsVersion = 14.3;
					};
					EF8DA3DA2B0440D6009ADCB2 = {
						CreatedOnToolsVersion = 14.3;
						TestTargetID = EF8DA3CA2B0440D4009ADCB2;
					};
					EF8DA3E42B0440D6009ADCB2 = {
						CreatedOnToolsVersion = 14.3;
						TestTargetID = EF8DA3CA2B0440D4009ADCB2;
					};
				};
			};
			buildConfigurationList = EF8DA3C62B0440D4009ADCB2 /* Build configuration list for PBXProject "SwiftUICase" */;
			compatibilityVersion = "Xcode 14.0";
			developmentRegion = en;
			hasScannedForEncodings = 0;
			knownRegions = (
				en,
				Base,
			);
			mainGroup = EF8DA3C22B0440D4009ADCB2;
			productRefGroup = EF8DA3CC2B0440D4009ADCB2 /* Products */;
			projectDirPath = "";
			projectRoot = "";
			targets = (
				EF8DA3CA2B0440D4009ADCB2 /* SwiftUICase */,
				EF8DA3DA2B0440D6009ADCB2 /* SwiftUICaseTests */,
				EF8DA3E42B0440D6009ADCB2 /* SwiftUICaseUITests */,
			);
		};
/* End PBXProject section */

/* Begin PBXResourcesBuildPhase section */
		EF8DA3C92B0440D4009ADCB2 /* Resources */ = {
			isa = PBXResourcesBuildPhase;
			buildActionMask = 2147483647;
			files = (
				EF8DA3D62B0440D6009ADCB2 /* Preview Assets.xcassets in Resources */,
				EF8DA3D32B0440D6009ADCB2 /* Assets.xcassets in Resources */,
			);
			runOnlyForDeploymentPostprocessing = 0;
		};
		EF8DA3D92B0440D6009ADCB2 /* Resources */ = {
			isa = PBXResourcesBuildPhase;
			buildActionMask = 2147483647;
			files = (
			);
			runOnlyForDeploymentPostprocessing = 0;
		};
		EF8DA3E32B0440D6009ADCB2 /* Resources */ = {
			isa = PBXResourcesBuildPhase;
			buildActionMask = 2147483647;
			files = (
			);
			runOnlyForDeploymentPostprocessing = 0;
		};
/* End PBXResourcesBuildPhase section */

/* Begin PBXSourcesBuildPhase section */
		EF8DA3C72B0440D4009ADCB2 /* Sources */ = {
			isa = PBXSourcesBuildPhase;
			buildActionMask = 2147483647;
			files = (
				EF8DA3D12B0440D4009ADCB2 /* ContentView.swift in Sources */,
				EF8DA3CF2B0440D4009ADCB2 /* SwiftUICaseApp.swift in Sources */,
				EF8DA3FB2B0440E9009ADCB2 /* PinnedViews.swift in Sources */,
			);
			runOnlyForDeploymentPostprocessing = 0;
		};
		EF8DA3D72B0440D6009ADCB2 /* Sources */ = {
			isa = PBXSourcesBuildPhase;
			buildActionMask = 2147483647;
			files = (
				EF8DA3E02B0440D6009ADCB2 /* SwiftUICaseTests.swift in Sources */,
			);
			runOnlyForDeploymentPostprocessing = 0;
		};
		EF8DA3E12B0440D6009ADCB2 /* Sources */ = {
			isa = PBXSourcesBuildPhase;
			buildActionMask = 2147483647;
			files = (
				EF8DA3EC2B0440D6009ADCB2 /* SwiftUICaseUITestsLaunchTests.swift in Sources */,
				EF8DA3EA2B0440D6009ADCB2 /* SwiftUICaseUITests.swift in Sources */,
			);
			runOnlyForDeploymentPostprocessing = 0;
		};
/* End PBXSourcesBuildPhase section */

/* Begin PBXTargetDependency section */
		EF8DA3DD2B0440D6009ADCB2 /* PBXTargetDependency */ = {
			isa = PBXTargetDependency;
			target = EF8DA3CA2B0440D4009ADCB2 /* SwiftUICase */;
			targetProxy = EF8DA3DC2B0440D6009ADCB2 /* PBXContainerItemProxy */;
		};
		EF8DA3E72B0440D6009ADCB2 /* PBXTargetDependency */ = {
			isa = PBXTargetDependency;
			target = EF8DA3CA2B0440D4009ADCB2 /* SwiftUICase */;
			targetProxy = EF8DA3E62B0440D6009ADCB2 /* PBXContainerItemProxy */;
		};
/* End PBXTargetDependency section */

/* Begin XCBuildConfiguration section */
		EF8DA3ED2B0440D6009ADCB2 /* Debug */ = {
			isa = XCBuildConfiguration;
			buildSettings = {
				ALWAYS_SEARCH_USER_PATHS = NO;
				CLANG_ANALYZER_NONNULL = YES;
				CLANG_ANALYZER_NUMBER_OBJECT_CONVERSION = YES_AGGRESSIVE;
				CLANG_CXX_LANGUAGE_STANDARD = "gnu++20";
				CLANG_ENABLE_MODULES = YES;
				CLANG_ENABLE_OBJC_ARC = YES;
				CLANG_ENABLE_OBJC_WEAK = YES;
				CLANG_WARN_BLOCK_CAPTURE_AUTORELEASING = YES;
				CLANG_WARN_BOOL_CONVERSION = YES;
				CLANG_WARN_COMMA = YES;
				CLANG_WARN_CONSTANT_CONVERSION = YES;
				CLANG_WARN_DEPRECATED_OBJC_IMPLEMENTATIONS = YES;
				CLANG_WARN_DIRECT_OBJC_ISA_USAGE = YES_ERROR;
				CLANG_WARN_DOCUMENTATION_COMMENTS = YES;
				CLANG_WARN_EMPTY_BODY = YES;
				CLANG_WARN_ENUM_CONVERSION = YES;
				CLANG_WARN_INFINITE_RECURSION = YES;
				CLANG_WARN_INT_CONVERSION = YES;
				CLANG_WARN_NON_LITERAL_NULL_CONVERSION = YES;
				CLANG_WARN_OBJC_IMPLICIT_RETAIN_SELF = YES;
				CLANG_WARN_OBJC_LITERAL_CONVERSION = YES;
				CLANG_WARN_OBJC_ROOT_CLASS = YES_ERROR;
				CLANG_WARN_QUOTED_INCLUDE_IN_FRAMEWORK_HEADER = YES;
				CLANG_WARN_RANGE_LOOP_ANALYSIS = YES;
				CLANG_WARN_STRICT_PROTOTYPES = YES;
				CLANG_WARN_SUSPICIOUS_MOVE = YES;
				CLANG_WARN_UNGUARDED_AVAILABILITY = YES_AGGRESSIVE;
				CLANG_WARN_UNREACHABLE_CODE = YES;
				CLANG_WARN__DUPLICATE_METHOD_MATCH = YES;
				COPY_PHASE_STRIP = NO;
				DEBUG_INFORMATION_FORMAT = dwarf;
				ENABLE_STRICT_OBJC_MSGSEND = YES;
				ENABLE_TESTABILITY = YES;
				GCC_C_LANGUAGE_STANDARD = gnu11;
				GCC_DYNAMIC_NO_PIC = NO;
				GCC_NO_COMMON_BLOCKS = YES;
				GCC_OPTIMIZATION_LEVEL = 0;
				GCC_PREPROCESSOR_DEFINITIONS = (
					"DEBUG=1",
					"$(inherited)",
				);
				GCC_WARN_64_TO_32_BIT_CONVERSION = YES;
				GCC_WARN_ABOUT_RETURN_TYPE = YES_ERROR;
				GCC_WARN_UNDECLARED_SELECTOR = YES;
				GCC_WARN_UNINITIALIZED_AUTOS = YES_AGGRESSIVE;
				GCC_WARN_UNUSED_FUNCTION = YES;
				GCC_WARN_UNUSED_VARIABLE = YES;
				IPHONEOS_DEPLOYMENT_TARGET = 16.4;
				MTL_ENABLE_DEBUG_INFO = INCLUDE_SOURCE;
				MTL_FAST_MATH = YES;
				ONLY_ACTIVE_ARCH = YES;
				SDKROOT = iphoneos;
				SWIFT_ACTIVE_COMPILATION_CONDITIONS = DEBUG;
				SWIFT_OPTIMIZATION_LEVEL = "-Onone";
			};
			name = Debug;
		};
		EF8DA3EE2B0440D6009ADCB2 /* Release */ = {
			isa = XCBuildConfiguration;
			buildSettings = {
				ALWAYS_SEARCH_USER_PATHS = NO;
				CLANG_ANALYZER_NONNULL = YES;
				CLANG_ANALYZER_NUMBER_OBJECT_CONVERSION = YES_AGGRESSIVE;
				CLANG_CXX_LANGUAGE_STANDARD = "gnu++20";
				CLANG_ENABLE_MODULES = YES;
				CLANG_ENABLE_OBJC_ARC = YES;
				CLANG_ENABLE_OBJC_WEAK = YES;
				CLANG_WARN_BLOCK_CAPTURE_AUTORELEASING = YES;
				CLANG_WARN_BOOL_CONVERSION = YES;
				CLANG_WARN_COMMA = YES;
				CLANG_WARN_CONSTANT_CONVERSION = YES;
				CLANG_WARN_DEPRECATED_OBJC_IMPLEMENTATIONS = YES;
				CLANG_WARN_DIRECT_OBJC_ISA_USAGE = YES_ERROR;
				CLANG_WARN_DOCUMENTATION_COMMENTS = YES;
				CLANG_WARN_EMPTY_BODY = YES;
				CLANG_WARN_ENUM_CONVERSION = YES;
				CLANG_WARN_INFINITE_RECURSION = YES;
				CLANG_WARN_INT_CONVERSION = YES;
				CLANG_WARN_NON_LITERAL_NULL_CONVERSION = YES;
				CLANG_WARN_OBJC_IMPLICIT_RETAIN_SELF = YES;
				CLANG_WARN_OBJC_LITERAL_CONVERSION = YES;
				CLANG_WARN_OBJC_ROOT_CLASS = YES_ERROR;
				CLANG_WARN_QUOTED_INCLUDE_IN_FRAMEWORK_HEADER = YES;
				CLANG_WARN_RANGE_LOOP_ANALYSIS = YES;
				CLANG_WARN_STRICT_PROTOTYPES = YES;
				CLANG_WARN_SUSPICIOUS_MOVE = YES;
				CLANG_WARN_UNGUARDED_AVAILABILITY = YES_AGGRESSIVE;
				CLANG_WARN_UNREACHABLE_CODE = YES;
				CLANG_WARN__DUPLICATE_METHOD_MATCH = YES;
				COPY_PHASE_STRIP = NO;
				DEBUG_INFORMATION_FORMAT = "dwarf-with-dsym";
				ENABLE_NS_ASSERTIONS = NO;
				ENABLE_STRICT_OBJC_MSGSEND = YES;
				GCC_C_LANGUAGE_STANDARD = gnu11;
				GCC_NO_COMMON_BLOCKS = YES;
				GCC_WARN_64_TO_32_BIT_CONVERSION = YES;
				GCC_WARN_ABOUT_RETURN_TYPE = YES_ERROR;
				GCC_WARN_UNDECLARED_SELECTOR = YES;
				GCC_WARN_UNINITIALIZED_AUTOS = YES_AGGRESSIVE;
				GCC_WARN_UNUSED_FUNCTION = YES;
				GCC_WARN_UNUSED_VARIABLE = YES;
				IPHONEOS_DEPLOYMENT_TARGET = 16.4;
				MTL_ENABLE_DEBUG_INFO = NO;
				MTL_FAST_MATH = YES;
				SDKROOT = iphoneos;
				SWIFT_COMPILATION_MODE = wholemodule;
				SWIFT_OPTIMIZATION_LEVEL = "-O";
				VALIDATE_PRODUCT = YES;
			};
			name = Release;
		};
		EF8DA3F02B0440D6009ADCB2 /* Debug */ = {
			isa = XCBuildConfiguration;
			buildSettings = {
				ASSETCATALOG_COMPILER_APPICON_NAME = AppIcon;
				ASSETCATALOG_COMPILER_GLOBAL_ACCENT_COLOR_NAME = AccentColor;
				CODE_SIGN_STYLE = Automatic;
				CURRENT_PROJECT_VERSION = 1;
				DEVELOPMENT_ASSET_PATHS = "\"SwiftUICase/Preview Content\"";
				DEVELOPMENT_TEAM = JA868URLCA;
				ENABLE_PREVIEWS = YES;
				GENERATE_INFOPLIST_FILE = YES;
				INFOPLIST_KEY_UIApplicationSceneManifest_Generation = YES;
				INFOPLIST_KEY_UIApplicationSupportsIndirectInputEvents = YES;
				INFOPLIST_KEY_UILaunchScreen_Generation = YES;
				INFOPLIST_KEY_UISupportedInterfaceOrientations_iPad = "UIInterfaceOrientationPortrait UIInterfaceOrientationPortraitUpsideDown UIInterfaceOrientationLandscapeLeft UIInterfaceOrientationLandscapeRight";
				INFOPLIST_KEY_UISupportedInterfaceOrientations_iPhone = "UIInterfaceOrientationPortrait UIInterfaceOrientationLandscapeLeft UIInterfaceOrientationLandscapeRight";
				LD_RUNPATH_SEARCH_PATHS = (
					"$(inherited)",
					"@executable_path/Frameworks",
				);
				MARKETING_VERSION = 1.0;
				PRODUCT_BUNDLE_IDENTIFIER = com.SimSangGab.SwiftUICase;
				PRODUCT_NAME = "$(TARGET_NAME)";
				SWIFT_EMIT_LOC_STRINGS = YES;
				SWIFT_VERSION = 5.0;
				TARGETED_DEVICE_FAMILY = "1,2";
			};
			name = Debug;
		};
		EF8DA3F12B0440D6009ADCB2 /* Release */ = {
			isa = XCBuildConfiguration;
			buildSettings = {
				ASSETCATALOG_COMPILER_APPICON_NAME = AppIcon;
				ASSETCATALOG_COMPILER_GLOBAL_ACCENT_COLOR_NAME = AccentColor;
				CODE_SIGN_STYLE = Automatic;
				CURRENT_PROJECT_VERSION = 1;
				DEVELOPMENT_ASSET_PATHS = "\"SwiftUICase/Preview Content\"";
				DEVELOPMENT_TEAM = JA868URLCA;
				ENABLE_PREVIEWS = YES;
				GENERATE_INFOPLIST_FILE = YES;
				INFOPLIST_KEY_UIApplicationSceneManifest_Generation = YES;
				INFOPLIST_KEY_UIApplicationSupportsIndirectInputEvents = YES;
				INFOPLIST_KEY_UILaunchScreen_Generation = YES;
				INFOPLIST_KEY_UISupportedInterfaceOrientations_iPad = "UIInterfaceOrientationPortrait UIInterfaceOrientationPortraitUpsideDown UIInterfaceOrientationLandscapeLeft UIInterfaceOrientationLandscapeRight";
				INFOPLIST_KEY_UISupportedInterfaceOrientations_iPhone = "UIInterfaceOrientationPortrait UIInterfaceOrientationLandscapeLeft UIInterfaceOrientationLandscapeRight";
				LD_RUNPATH_SEARCH_PATHS = (
					"$(inherited)",
					"@executable_path/Frameworks",
				);
				MARKETING_VERSION = 1.0;
				PRODUCT_BUNDLE_IDENTIFIER = com.SimSangGab.SwiftUICase;
				PRODUCT_NAME = "$(TARGET_NAME)";
				SWIFT_EMIT_LOC_STRINGS = YES;
				SWIFT_VERSION = 5.0;
				TARGETED_DEVICE_FAMILY = "1,2";
			};
			name = Release;
		};
		EF8DA3F32B0440D6009ADCB2 /* Debug */ = {
			isa = XCBuildConfiguration;
			buildSettings = {
				ALWAYS_EMBED_SWIFT_STANDARD_LIBRARIES = YES;
				BUNDLE_LOADER = "$(TEST_HOST)";
				CODE_SIGN_STYLE = Automatic;
				CURRENT_PROJECT_VERSION = 1;
				DEVELOPMENT_TEAM = JA868URLCA;
				GENERATE_INFOPLIST_FILE = YES;
				IPHONEOS_DEPLOYMENT_TARGET = 16.4;
				MARKETING_VERSION = 1.0;
				PRODUCT_BUNDLE_IDENTIFIER = com.SimSangGab.SwiftUICaseTests;
				PRODUCT_NAME = "$(TARGET_NAME)";
				SWIFT_EMIT_LOC_STRINGS = NO;
				SWIFT_VERSION = 5.0;
				TARGETED_DEVICE_FAMILY = "1,2";
				TEST_HOST = "$(BUILT_PRODUCTS_DIR)/SwiftUICase.app/$(BUNDLE_EXECUTABLE_FOLDER_PATH)/SwiftUICase";
			};
			name = Debug;
		};
		EF8DA3F42B0440D6009ADCB2 /* Release */ = {
			isa = XCBuildConfiguration;
			buildSettings = {
				ALWAYS_EMBED_SWIFT_STANDARD_LIBRARIES = YES;
				BUNDLE_LOADER = "$(TEST_HOST)";
				CODE_SIGN_STYLE = Automatic;
				CURRENT_PROJECT_VERSION = 1;
				DEVELOPMENT_TEAM = JA868URLCA;
				GENERATE_INFOPLIST_FILE = YES;
				IPHONEOS_DEPLOYMENT_TARGET = 16.4;
				MARKETING_VERSION = 1.0;
				PRODUCT_BUNDLE_IDENTIFIER = com.SimSangGab.SwiftUICaseTests;
				PRODUCT_NAME = "$(TARGET_NAME)";
				SWIFT_EMIT_LOC_STRINGS = NO;
				SWIFT_VERSION = 5.0;
				TARGETED_DEVICE_FAMILY = "1,2";
				TEST_HOST = "$(BUILT_PRODUCTS_DIR)/SwiftUICase.app/$(BUNDLE_EXECUTABLE_FOLDER_PATH)/SwiftUICase";
			};
			name = Release;
		};
		EF8DA3F62B0440D6009ADCB2 /* Debug */ = {
			isa = XCBuildConfiguration;
			buildSettings = {
				ALWAYS_EMBED_SWIFT_STANDARD_LIBRARIES = YES;
				CODE_SIGN_STYLE = Automatic;
				CURRENT_PROJECT_VERSION = 1;
				DEVELOPMENT_TEAM = JA868URLCA;
				GENERATE_INFOPLIST_FILE = YES;
				MARKETING_VERSION = 1.0;
				PRODUCT_BUNDLE_IDENTIFIER = com.SimSangGab.SwiftUICaseUITests;
				PRODUCT_NAME = "$(TARGET_NAME)";
				SWIFT_EMIT_LOC_STRINGS = NO;
				SWIFT_VERSION = 5.0;
				TARGETED_DEVICE_FAMILY = "1,2";
				TEST_TARGET_NAME = SwiftUICase;
			};
			name = Debug;
		};
		EF8DA3F72B0440D6009ADCB2 /* Release */ = {
			isa = XCBuildConfiguration;
			buildSettings = {
				ALWAYS_EMBED_SWIFT_STANDARD_LIBRARIES = YES;
				CODE_SIGN_STYLE = Automatic;
				CURRENT_PROJECT_VERSION = 1;
				DEVELOPMENT_TEAM = JA868URLCA;
				GENERATE_INFOPLIST_FILE = YES;
				MARKETING_VERSION = 1.0;
				PRODUCT_BUNDLE_IDENTIFIER = com.SimSangGab.SwiftUICaseUITests;
				PRODUCT_NAME = "$(TARGET_NAME)";
				SWIFT_EMIT_LOC_STRINGS = NO;
				SWIFT_VERSION = 5.0;
				TARGETED_DEVICE_FAMILY = "1,2";
				TEST_TARGET_NAME = SwiftUICase;
			};
			name = Release;
		};
/* End XCBuildConfiguration section */

/* Begin XCConfigurationList section */
		EF8DA3C62B0440D4009ADCB2 /* Build configuration list for PBXProject "SwiftUICase" */ = {
			isa = XCConfigurationList;
			buildConfigurations = (
				EF8DA3ED2B0440D6009ADCB2 /* Debug */,
				EF8DA3EE2B0440D6009ADCB2 /* Release */,
			);
			defaultConfigurationIsVisible = 0;
			defaultConfigurationName = Release;
		};
		EF8DA3EF2B0440D6009ADCB2 /* Build configuration list for PBXNativeTarget "SwiftUICase" */ = {
			isa = XCConfigurationList;
			buildConfigurations = (
				EF8DA3F02B0440D6009ADCB2 /* Debug */,
				EF8DA3F12B0440D6009ADCB2 /* Release */,
			);
			defaultConfigurationIsVisible = 0;
			defaultConfigurationName = Release;
		};
		EF8DA3F22B0440D6009ADCB2 /* Build configuration list for PBXNativeTarget "SwiftUICaseTests" */ = {
			isa = XCConfigurationList;
			buildConfigurations = (
				EF8DA3F32B0440D6009ADCB2 /* Debug */,
				EF8DA3F42B0440D6009ADCB2 /* Release */,
			);
			defaultConfigurationIsVisible = 0;
			defaultConfigurationName = Release;
		};
		EF8DA3F52B0440D6009ADCB2 /* Build configuration list for PBXNativeTarget "SwiftUICaseUITests" */ = {
			isa = XCConfigurationList;
			buildConfigurations = (
				EF8DA3F62B0440D6009ADCB2 /* Debug */,
				EF8DA3F72B0440D6009ADCB2 /* Release */,
			);
			defaultConfigurationIsVisible = 0;
			defaultConfigurationName = Release;
		};
/* End XCConfigurationList section */
	};
	rootObject = EF8DA3C32B0440D4009ADCB2 /* Project object */;
}
